
Microsoft Visual Studio Solution File, Format Version 12.00
# Visual Studio Version 17
VisualStudioVersion = 17.14.36414.22 d17.14
MinimumVisualStudioVersion = 10.0.40219.1
Project("{FAE04EC0-301F-11D3-BF4B-00C04F79EFBC}") = "BibliothecaVehiculos", "BibliothecaVehiculos\BibliothecaVehiculos.csproj", "{B051A5A6-0366-45CE-8B6F-B580EE5C57C6}"
EndProject
Project("{FAE04EC0-301F-11D3-BF4B-00C04F79EFBC}") = "AppVehiculosWinForm", "AppVehiculosWinForm\AppVehiculosWinForm.csproj", "{FDF134C7-0CDC-4065-82CA-0BB49CFB7596}"
EndProject
Global
	GlobalSection(SolutionConfigurationPlatforms) = preSolution
		Debug|Any CPU = Debug|Any CPU
		Release|Any CPU = Release|Any CPU
	EndGlobalSection
	GlobalSection(ProjectConfigurationPlatforms) = postSolution
		{B051A5A6-0366-45CE-8B6F-B580EE5C57C6}.Debug|Any CPU.ActiveCfg = Debug|Any CPU
		{B051A5A6-0366-45CE-8B6F-B580EE5C57C6}.Debug|Any CPU.Build.0 = Debug|Any CPU
		{B051A5A6-0366-45CE-8B6F-B580EE5C57C6}.Release|Any CPU.ActiveCfg = Release|Any CPU
		{B051A5A6-0366-45CE-8B6F-B580EE5C57C6}.Release|Any CPU.Build.0 = Release|Any CPU
		{FDF134C7-0CDC-4065-82CA-0BB49CFB7596}.Debug|Any CPU.ActiveCfg = Debug|Any CPU
		{FDF134C7-0CDC-4065-82CA-0BB49CFB7596}.Debug|Any CPU.Build.0 = Debug|Any CPU
		{FDF134C7-0CDC-4065-82CA-0BB49CFB7596}.Release|Any CPU.ActiveCfg = Release|Any CPU
		{FDF134C7-0CDC-4065-82CA-0BB49CFB7596}.Release|Any CPU.Build.0 = Release|Any CPU
	EndGlobalSection
	GlobalSection(SolutionProperties) = preSolution
		HideSolutionNode = FALSE
	EndGlobalSection
	GlobalSection(ExtensibilityGlobals) = postSolution
		SolutionGuid = {49408AEF-4928-44C3-B4DC-0C369D6647D0}
	EndGlobalSection
EndGlobal
